
Microsoft Visual Studio Solution File, Format Version 12.00
# Visual Studio Version 16
VisualStudioVersion = 16.0.31402.337
MinimumVisualStudioVersion = 10.0.40219.1
Project("{FAE04EC0-301F-11D3-BF4B-00C04F79EFBC}") = "Ejercicicios_en__cas.Android", "..\Ejercicicios_en__cas\Ejercicicios_en__cas\Ejercicicios_en__cas.Android\Ejercicicios_en__cas.Android.csproj", "{FE4331BF-D93D-4BA8-A1C0-8E96C5E431F2}"
EndProject
Project("{FAE04EC0-301F-11D3-BF4B-00C04F79EFBC}") = "Ejercicicios_en__cas", "..\Ejercicicios_en__cas\Ejercicicios_en__cas\Ejercicicios_en__cas\Ejercicicios_en__cas.csproj", "{477E0E8D-0CAA-438D-A5D0-C5DFACA71D3B}"
EndProject
Global
	GlobalSection(SolutionConfigurationPlatforms) = preSolution
		Debug|Any CPU = Debug|Any CPU
		Release|Any CPU = Release|Any CPU
	EndGlobalSection
	GlobalSection(ProjectConfigurationPlatforms) = postSolution
		{FE4331BF-D93D-4BA8-A1C0-8E96C5E431F2}.Debug|Any CPU.ActiveCfg = Debug|Any CPU
		{FE4331BF-D93D-4BA8-A1C0-8E96C5E431F2}.Debug|Any CPU.Build.0 = Debug|Any CPU
		{FE4331BF-D93D-4BA8-A1C0-8E96C5E431F2}.Debug|Any CPU.Deploy.0 = Debug|Any CPU
		{FE4331BF-D93D-4BA8-A1C0-8E96C5E431F2}.Release|Any CPU.ActiveCfg = Release|Any CPU
		{FE4331BF-D93D-4BA8-A1C0-8E96C5E431F2}.Release|Any CPU.Build.0 = Release|Any CPU
		{FE4331BF-D93D-4BA8-A1C0-8E96C5E431F2}.Release|Any CPU.Deploy.0 = Release|Any CPU
		{477E0E8D-0CAA-438D-A5D0-C5DFACA71D3B}.Debug|Any CPU.ActiveCfg = Debug|Any CPU
		{477E0E8D-0CAA-438D-A5D0-C5DFACA71D3B}.Debug|Any CPU.Build.0 = Debug|Any CPU
		{477E0E8D-0CAA-438D-A5D0-C5DFACA71D3B}.Debug|Any CPU.Deploy.0 = Debug|Any CPU
		{477E0E8D-0CAA-438D-A5D0-C5DFACA71D3B}.Release|Any CPU.ActiveCfg = Release|Any CPU
		{477E0E8D-0CAA-438D-A5D0-C5DFACA71D3B}.Release|Any CPU.Build.0 = Release|Any CPU
		{477E0E8D-0CAA-438D-A5D0-C5DFACA71D3B}.Release|Any CPU.Deploy.0 = Release|Any CPU
	EndGlobalSection
	GlobalSection(SolutionProperties) = preSolution
		HideSolutionNode = FALSE
	EndGlobalSection
	GlobalSection(ExtensibilityGlobals) = postSolution
		SolutionGuid = {3B288447-5210-42BD-AD42-077721ADFE19}
	EndGlobalSection
EndGlobal
